
Microsoft Visual Studio Solution File, Format Version 12.00
# Visual Studio Version 16
VisualStudioVersion = 16.0.29201.188
MinimumVisualStudioVersion = 10.0.40219.1
Project("{FAE04EC0-301F-11D3-BF4B-00C04F79EFBC}") = "NewsManagement", "NewsManagement\NewsManagement.csproj", "{4B95E1C6-7D34-430B-843F-76857985C7BF}"
EndProject
Global
	GlobalSection(SolutionConfigurationPlatforms) = preSolution
		Debug|Any CPU = Debug|Any CPU
		Release|Any CPU = Release|Any CPU
	EndGlobalSection
	GlobalSection(ProjectConfigurationPlatforms) = postSolution
		{4B95E1C6-7D34-430B-843F-76857985C7BF}.Debug|Any CPU.ActiveCfg = Debug|Any CPU
		{4B95E1C6-7D34-430B-843F-76857985C7BF}.Debug|Any CPU.Build.0 = Debug|Any CPU
		{4B95E1C6-7D34-430B-843F-76857985C7BF}.Release|Any CPU.ActiveCfg = Release|Any CPU
		{4B95E1C6-7D34-430B-843F-76857985C7BF}.Release|Any CPU.Build.0 = Release|Any CPU
	EndGlobalSection
	GlobalSection(SolutionProperties) = preSolution
		HideSolutionNode = FALSE
	EndGlobalSection
	GlobalSection(ExtensibilityGlobals) = postSolution
		SolutionGuid = {A2EDE19F-402D-40D5-B845-7A4BD21D7EC4}
	EndGlobalSection
EndGlobal
