
Microsoft Visual Studio Solution File, Format Version 12.00
# Visual Studio Version 16
VisualStudioVersion = 16.0.29201.188
MinimumVisualStudioVersion = 10.0.40219.1
Project("{FAE04EC0-301F-11D3-BF4B-00C04F79EFBC}") = "NewsFri", "NewsFri\NewsFri.csproj", "{3A0EDF4F-95D6-4AEF-9F7C-9B71DF57DFC8}"
EndProject
Global
	GlobalSection(SolutionConfigurationPlatforms) = preSolution
		Debug|Any CPU = Debug|Any CPU
		Release|Any CPU = Release|Any CPU
	EndGlobalSection
	GlobalSection(ProjectConfigurationPlatforms) = postSolution
		{3A0EDF4F-95D6-4AEF-9F7C-9B71DF57DFC8}.Debug|Any CPU.ActiveCfg = Debug|Any CPU
		{3A0EDF4F-95D6-4AEF-9F7C-9B71DF57DFC8}.Debug|Any CPU.Build.0 = Debug|Any CPU
		{3A0EDF4F-95D6-4AEF-9F7C-9B71DF57DFC8}.Release|Any CPU.ActiveCfg = Release|Any CPU
		{3A0EDF4F-95D6-4AEF-9F7C-9B71DF57DFC8}.Release|Any CPU.Build.0 = Release|Any CPU
	EndGlobalSection
	GlobalSection(SolutionProperties) = preSolution
		HideSolutionNode = FALSE
	EndGlobalSection
	GlobalSection(ExtensibilityGlobals) = postSolution
		SolutionGuid = {B82813FB-82D5-44FE-9C48-5BF8495A60E1}
	EndGlobalSection
EndGlobal
